uuid: c7b7e080-79ca-44a2-aa31-e2e5d1dee61b
langcode: ru
status: true
dependencies:
  config:
    - field.storage.taxonomy_term.field_image
    - field.storage.taxonomy_term.field_mi
    - field.storage.taxonomy_term.field_short_description
    - taxonomy.vocabulary.categories
  module:
    - taxonomy
    - user
    - views_slideshow
id: term_block
label: block_term
module: views
description: ''
tag: ''
base_table: taxonomy_term_field_data
base_field: tid
display:
  default:
    display_plugin: default
    id: default
    display_title: Default
    position: 0
    display_options:
      access:
        type: perm
        options:
          perm: 'access content'
      cache:
        type: tag
        options: {  }
      query:
        type: views_query
        options:
          disable_sql_rewrite: false
          distinct: false
          replica: false
          query_comment: ''
          query_tags: {  }
      exposed_form:
        type: basic
        options:
          submit_button: Применить
          reset_button: false
          reset_button_label: Reset
          exposed_sorts_label: 'Sort by'
          expose_sort_order: true
          sort_asc_label: Asc
          sort_desc_label: Desc
      pager:
        type: none
        options:
          items_per_page: null
          offset: 0
      style:
        type: slideshow
        options:
          row_class: ''
          default_row_class: true
          slideshow_skin: default
          slideshow_type: views_slideshow_cycle
          views_slideshow_cycle:
            effect: fade
            transition_advanced: 0
            timeout: '5000'
            speed: '700'
            delay: '0'
            sync: 1
            random: 0
            pause: 1
            pause_on_click: 0
            action_advanced: 0
            start_paused: 0
            remember_slide: 0
            remember_slide_days: '1'
            pause_when_hidden: 0
            pause_when_hidden_type: full
            amount_allowed_visible: ''
            nowrap: 0
            fixed_height: 1
            items_per_slide: '1'
            items_per_slide_first: 0
            items_per_slide_first_number: '1'
            wait_for_image_load: 1
            wait_for_image_load_timeout: '3000'
            cleartype: 0
            cleartypenobg: 0
          widgets:
            top:
              views_slideshow_controls:
                enable: false
                weight: '1'
                hide_on_single_slide: '0'
                type: views_slideshow_controls_text
              views_slideshow_pager:
                enable: false
                weight: '1'
                hide_on_single_slide: '0'
                type: views_slideshow_pager_bullets
                views_slideshow_pager_bullets:
                  views_slideshow_pager_bullets_hover: 0
                views_slideshow_pager_fields:
                  views_slideshow_pager_fields_fields:
                    name: 0
                    field_image: 0
                  views_slideshow_pager_fields_hover: 0
              views_slideshow_slide_counter:
                enable: false
                weight: '1'
                hide_on_single_slide: '0'
            bottom:
              views_slideshow_controls:
                enable: true
                weight: '1'
                hide_on_single_slide: '0'
                type: views_slideshow_controls_text
              views_slideshow_pager:
                enable: false
                weight: '1'
                hide_on_single_slide: '0'
                type: views_slideshow_pager_bullets
                views_slideshow_pager_bullets:
                  views_slideshow_pager_bullets_hover: 0
                views_slideshow_pager_fields:
                  views_slideshow_pager_fields_fields:
                    name: 0
                    field_image: 0
                  views_slideshow_pager_fields_hover: 0
              views_slideshow_slide_counter:
                enable: false
                weight: '1'
                hide_on_single_slide: '0'
      row:
        type: fields
        options:
          default_field_elements: true
          inline:
            counter: counter
            nothing: nothing
          separator: ''
          hide_empty: false
      fields:
        field_image:
          id: field_image
          table: taxonomy_term__field_image
          field: field_image
          relationship: none
          group_type: group
          admin_label: ''
          label: ''
          exclude: false
          alter:
            alter_text: false
            text: ''
            make_link: false
            path: ''
            absolute: false
            external: false
            replace_spaces: false
            path_case: none
            trim_whitespace: false
            alt: ''
            rel: ''
            link_class: ''
            prefix: ''
            suffix: ''
            target: ''
            nl2br: false
            max_length: 0
            word_boundary: true
            ellipsis: true
            more_link: false
            more_link_text: ''
            more_link_path: ''
            strip_tags: false
            trim: false
            preserve_tags: ''
            html: false
          element_type: ''
          element_class: ''
          element_label_type: ''
          element_label_class: ''
          element_label_colon: false
          element_wrapper_type: ''
          element_wrapper_class: ''
          element_default_classes: true
          empty: ''
          hide_empty: false
          empty_zero: false
          hide_alter_empty: true
          click_sort_column: target_id
          type: entity_reference_entity_view
          settings:
            view_mode: 380x364
          group_column: target_id
          group_columns: {  }
          group_rows: true
          delta_limit: 0
          delta_offset: 0
          delta_reversed: false
          delta_first_last: false
          multi_type: separator
          separator: ', '
          field_api_classes: false
          plugin_id: field
        name:
          id: name
          table: taxonomy_term_field_data
          field: name
          relationship: none
          group_type: group
          admin_label: ''
          label: ''
          exclude: false
          alter:
            alter_text: false
            text: ''
            make_link: false
            path: ''
            absolute: false
            external: false
            replace_spaces: false
            path_case: none
            trim_whitespace: false
            alt: ''
            rel: ''
            link_class: ''
            prefix: ''
            suffix: ''
            target: ''
            nl2br: false
            max_length: 0
            word_boundary: false
            ellipsis: false
            more_link: false
            more_link_text: ''
            more_link_path: ''
            strip_tags: false
            trim: false
            preserve_tags: ''
            html: false
          element_type: ''
          element_class: ''
          element_label_type: ''
          element_label_class: ''
          element_label_colon: false
          element_wrapper_type: ''
          element_wrapper_class: ''
          element_default_classes: true
          empty: ''
          hide_empty: false
          empty_zero: false
          hide_alter_empty: true
          click_sort_column: value
          type: string
          settings:
            link_to_entity: false
          group_column: value
          group_columns: {  }
          group_rows: true
          delta_limit: 0
          delta_offset: 0
          delta_reversed: false
          delta_first_last: false
          multi_type: separator
          separator: ', '
          field_api_classes: false
          convert_spaces: false
          entity_type: taxonomy_term
          entity_field: name
          plugin_id: term_name
        field_mi:
          id: field_mi
          table: taxonomy_term__field_mi
          field: field_mi
          relationship: none
          group_type: group
          admin_label: ''
          label: ''
          exclude: false
          alter:
            alter_text: false
            text: ''
            make_link: false
            path: ''
            absolute: false
            external: false
            replace_spaces: false
            path_case: none
            trim_whitespace: false
            alt: ''
            rel: ''
            link_class: ''
            prefix: ''
            suffix: ''
            target: ''
            nl2br: false
            max_length: 0
            word_boundary: true
            ellipsis: true
            more_link: false
            more_link_text: ''
            more_link_path: ''
            strip_tags: false
            trim: false
            preserve_tags: ''
            html: false
          element_type: ''
          element_class: ''
          element_label_type: ''
          element_label_class: ''
          element_label_colon: false
          element_wrapper_type: ''
          element_wrapper_class: ''
          element_default_classes: true
          empty: ''
          hide_empty: false
          empty_zero: false
          hide_alter_empty: true
          click_sort_column: value
          type: number_decimal
          settings:
            thousand_separator: ''
            prefix_suffix: true
            decimal_separator: .
            scale: 2
          group_column: value
          group_columns: {  }
          group_rows: true
          delta_limit: 0
          delta_offset: 0
          delta_reversed: false
          delta_first_last: false
          multi_type: separator
          separator: ', '
          field_api_classes: false
          plugin_id: field
        view_taxonomy_term:
          id: view_taxonomy_term
          table: taxonomy_term_field_revision
          field: view_taxonomy_term
          relationship: none
          group_type: group
          admin_label: ''
          label: ''
          exclude: false
          alter:
            alter_text: false
            text: ''
            make_link: false
            path: ''
            absolute: false
            external: false
            replace_spaces: false
            path_case: none
            trim_whitespace: false
            alt: ''
            rel: ''
            link_class: ''
            prefix: ''
            suffix: ''
            target: ''
            nl2br: false
            max_length: 0
            word_boundary: true
            ellipsis: true
            more_link: false
            more_link_text: ''
            more_link_path: ''
            strip_tags: false
            trim: false
            preserve_tags: ''
            html: false
          element_type: ''
          element_class: ''
          element_label_type: ''
          element_label_class: ''
          element_label_colon: false
          element_wrapper_type: ''
          element_wrapper_class: ''
          element_default_classes: true
          empty: ''
          hide_empty: false
          empty_zero: false
          hide_alter_empty: true
          text: 'More details'
          output_url_as_text: false
          absolute: false
          entity_type: taxonomy_term
          plugin_id: entity_link
        field_short_description:
          id: field_short_description
          table: taxonomy_term__field_short_description
          field: field_short_description
          relationship: none
          group_type: group
          admin_label: ''
          label: ''
          exclude: false
          alter:
            alter_text: false
            text: ''
            make_link: false
            path: ''
            absolute: false
            external: false
            replace_spaces: false
            path_case: none
            trim_whitespace: false
            alt: ''
            rel: ''
            link_class: ''
            prefix: ''
            suffix: ''
            target: ''
            nl2br: false
            max_length: 0
            word_boundary: true
            ellipsis: true
            more_link: false
            more_link_text: ''
            more_link_path: ''
            strip_tags: false
            trim: false
            preserve_tags: ''
            html: false
          element_type: ''
          element_class: ''
          element_label_type: ''
          element_label_class: ''
          element_label_colon: false
          element_wrapper_type: ''
          element_wrapper_class: ''
          element_default_classes: true
          empty: ''
          hide_empty: false
          empty_zero: false
          hide_alter_empty: true
          click_sort_column: value
          type: string
          settings:
            link_to_entity: false
          group_column: value
          group_columns: {  }
          group_rows: true
          delta_limit: 0
          delta_offset: 0
          delta_reversed: false
          delta_first_last: false
          multi_type: separator
          separator: ', '
          field_api_classes: false
          plugin_id: field
        nothing:
          id: nothing
          table: views
          field: nothing
          relationship: none
          group_type: group
          admin_label: ''
          label: ''
          exclude: false
          alter:
            alter_text: true
            text: '0'
            make_link: false
            path: ''
            absolute: false
            external: false
            replace_spaces: false
            path_case: none
            trim_whitespace: false
            alt: ''
            rel: ''
            link_class: ''
            prefix: ''
            suffix: ''
            target: ''
            nl2br: false
            max_length: 0
            word_boundary: true
            ellipsis: true
            more_link: false
            more_link_text: ''
            more_link_path: ''
            strip_tags: false
            trim: false
            preserve_tags: ''
            html: false
          element_type: ''
          element_class: ''
          element_label_type: ''
          element_label_class: ''
          element_label_colon: false
          element_wrapper_type: ''
          element_wrapper_class: ''
          element_default_classes: true
          empty: ''
          hide_empty: false
          empty_zero: false
          hide_alter_empty: false
          plugin_id: custom
        counter:
          id: counter
          table: views
          field: counter
          relationship: none
          group_type: group
          admin_label: ''
          label: ''
          exclude: false
          alter:
            alter_text: false
            text: ''
            make_link: false
            path: ''
            absolute: false
            external: false
            replace_spaces: false
            path_case: none
            trim_whitespace: false
            alt: ''
            rel: ''
            link_class: ''
            prefix: ''
            suffix: ''
            target: ''
            nl2br: false
            max_length: 0
            word_boundary: true
            ellipsis: true
            more_link: false
            more_link_text: ''
            more_link_path: ''
            strip_tags: false
            trim: false
            preserve_tags: ''
            html: false
          element_type: ''
          element_class: ''
          element_label_type: ''
          element_label_class: ''
          element_label_colon: false
          element_wrapper_type: ''
          element_wrapper_class: ''
          element_default_classes: true
          empty: ''
          hide_empty: false
          empty_zero: false
          hide_alter_empty: true
          counter_start: 1
          plugin_id: counter
      filters:
        status:
          value: '1'
          table: taxonomy_term_field_data
          field: status
          plugin_id: boolean
          entity_type: taxonomy_term
          entity_field: status
          id: status
          expose:
            operator: ''
            operator_limit_selection: false
            operator_list: {  }
          group: 1
        vid:
          id: vid
          table: taxonomy_term_field_data
          field: vid
          relationship: none
          group_type: group
          admin_label: ''
          operator: in
          value:
            categories: categories
          group: 1
          exposed: false
          expose:
            operator_id: ''
            label: ''
            description: ''
            use_operator: false
            operator: ''
            operator_limit_selection: false
            operator_list: {  }
            identifier: ''
            required: false
            remember: false
            multiple: false
            remember_roles:
              authenticated: authenticated
            reduce: false
          is_grouped: false
          group_info:
            label: ''
            description: ''
            identifier: ''
            optional: true
            widget: select
            multiple: false
            remember: false
            default_group: All
            default_group_multiple: {  }
            group_items: {  }
          entity_type: taxonomy_term
          entity_field: vid
          plugin_id: bundle
      sorts:
        weight:
          id: weight
          table: taxonomy_term_field_data
          field: weight
          relationship: none
          group_type: group
          admin_label: ''
          order: ASC
          exposed: false
          expose:
            label: ''
          entity_type: taxonomy_term
          entity_field: weight
          plugin_id: standard
      title: block_term
      header: {  }
      footer: {  }
      empty: {  }
      relationships: {  }
      arguments: {  }
      display_extenders: {  }
    cache_metadata:
      max-age: -1
      contexts:
        - 'languages:language_content'
        - 'languages:language_interface'
        - user.permissions
      tags:
        - 'config:field.storage.taxonomy_term.field_image'
        - 'config:field.storage.taxonomy_term.field_mi'
        - 'config:field.storage.taxonomy_term.field_short_description'
  block_1:
    display_plugin: block
    id: block_1
    display_title: Block
    position: 1
    display_options:
      display_extenders: {  }
    cache_metadata:
      max-age: -1
      contexts:
        - 'languages:language_content'
        - 'languages:language_interface'
        - user.permissions
      tags:
        - 'config:field.storage.taxonomy_term.field_image'
        - 'config:field.storage.taxonomy_term.field_mi'
        - 'config:field.storage.taxonomy_term.field_short_description'
